
Microsoft Visual Studio Solution File, Format Version 12.00
# Visual Studio 15
VisualStudioVersion = 15.0.27428.2002
MinimumVisualStudioVersion = 10.0.40219.1
Project("{FAE04EC0-301F-11D3-BF4B-00C04F79EFBC}") = "BuilderCert", "BuilderCert\BuilderCert.csproj", "{1515E111-6D1C-4A85-BC3A-6C01150DCBEA}"
EndProject
Global
	GlobalSection(SolutionConfigurationPlatforms) = preSolution
		Debug|Any CPU = Debug|Any CPU
		Debug|x86 = Debug|x86
		Release|Any CPU = Release|Any CPU
		Release|x86 = Release|x86
	EndGlobalSection
	GlobalSection(ProjectConfigurationPlatforms) = postSolution
		{1515E111-6D1C-4A85-BC3A-6C01150DCBEA}.Debug|Any CPU.ActiveCfg = Debug|Any CPU
		{1515E111-6D1C-4A85-BC3A-6C01150DCBEA}.Debug|Any CPU.Build.0 = Debug|Any CPU
		{1515E111-6D1C-4A85-BC3A-6C01150DCBEA}.Debug|x86.ActiveCfg = Debug|x86
		{1515E111-6D1C-4A85-BC3A-6C01150DCBEA}.Debug|x86.Build.0 = Debug|x86
		{1515E111-6D1C-4A85-BC3A-6C01150DCBEA}.Release|Any CPU.ActiveCfg = Release|Any CPU
		{1515E111-6D1C-4A85-BC3A-6C01150DCBEA}.Release|Any CPU.Build.0 = Release|Any CPU
		{1515E111-6D1C-4A85-BC3A-6C01150DCBEA}.Release|x86.ActiveCfg = Release|x86
		{1515E111-6D1C-4A85-BC3A-6C01150DCBEA}.Release|x86.Build.0 = Release|x86
	EndGlobalSection
	GlobalSection(SolutionProperties) = preSolution
		HideSolutionNode = FALSE
	EndGlobalSection
	GlobalSection(ExtensibilityGlobals) = postSolution
		SolutionGuid = {A9CE0097-0D97-407D-8ED6-3ABAB276FC51}
	EndGlobalSection
EndGlobal
