
Microsoft Visual Studio Solution File, Format Version 12.00
# Visual Studio 15
VisualStudioVersion = 15.0.27130.2027
MinimumVisualStudioVersion = 10.0.40219.1
Project("{9A19103F-16F7-4668-BE54-9A1E7A4F7556}") = "GenOp", "OpenSSL\GenOp.csproj", "{6372545A-3D41-4DCF-AD7E-73E4B9B7C1C3}"
EndProject
Global
	GlobalSection(SolutionConfigurationPlatforms) = preSolution
		Debug|Any CPU = Debug|Any CPU
		Debug|x86 = Debug|x86
		Release|Any CPU = Release|Any CPU
		Release|x86 = Release|x86
	EndGlobalSection
	GlobalSection(ProjectConfigurationPlatforms) = postSolution
		{6372545A-3D41-4DCF-AD7E-73E4B9B7C1C3}.Debug|Any CPU.ActiveCfg = Debug|Any CPU
		{6372545A-3D41-4DCF-AD7E-73E4B9B7C1C3}.Debug|Any CPU.Build.0 = Debug|Any CPU
		{6372545A-3D41-4DCF-AD7E-73E4B9B7C1C3}.Debug|x86.ActiveCfg = Debug|x86
		{6372545A-3D41-4DCF-AD7E-73E4B9B7C1C3}.Debug|x86.Build.0 = Debug|x86
		{6372545A-3D41-4DCF-AD7E-73E4B9B7C1C3}.Release|Any CPU.ActiveCfg = Release|Any CPU
		{6372545A-3D41-4DCF-AD7E-73E4B9B7C1C3}.Release|Any CPU.Build.0 = Release|Any CPU
		{6372545A-3D41-4DCF-AD7E-73E4B9B7C1C3}.Release|x86.ActiveCfg = Release|x86
		{6372545A-3D41-4DCF-AD7E-73E4B9B7C1C3}.Release|x86.Build.0 = Release|x86
	EndGlobalSection
	GlobalSection(SolutionProperties) = preSolution
		HideSolutionNode = FALSE
	EndGlobalSection
	GlobalSection(ExtensibilityGlobals) = postSolution
		SolutionGuid = {5DE172B6-DE12-486C-B812-D2F750F03539}
	EndGlobalSection
EndGlobal
